
Microsoft Visual Studio Solution File, Format Version 12.00
# Visual Studio Version 17
VisualStudioVersion = 17.5.002.0
MinimumVisualStudioVersion = 10.0.40219.1
Project("{2150E333-8FDC-42A3-9474-1A3956D46DE8}") = "0289", "0289", "{A9CFD234-2F65-4F70-88A4-4BB4D273A81E}"
EndProject
Project("{9A19103F-16F7-4668-BE54-9A1E7A4F7556}") = "Hello_World", "0289\Hello_World\Hello_World.csproj", "{19413805-8CFC-47E8-B6AD-E54909684F9F}"
EndProject
Project("{9A19103F-16F7-4668-BE54-9A1E7A4F7556}") = "Lab03_Exercise01", "0289\Lab03_Exercise01\Lab03_Exercise01.csproj", "{FABCF8EE-800E-4288-86CC-42AC8C2DB637}"
EndProject
Project("{9A19103F-16F7-4668-BE54-9A1E7A4F7556}") = "Lab03_Exercise02", "0289\Lab03_Exercise02\Lab03_Exercise02.csproj", "{A34A3F57-68E6-40DB-85E6-0B72032D7A37}"
EndProject
Project("{9A19103F-16F7-4668-BE54-9A1E7A4F7556}") = "Lab03_Exercise03", "0289\Lab03_Exercise03\Lab03_Exercise03.csproj", "{DAA4E8BE-5C68-412E-80FE-1A8D1472C067}"
EndProject
Project("{9A19103F-16F7-4668-BE54-9A1E7A4F7556}") = "Lab03_Exercise04", "0289\Lab03_Exercise04\Lab03_Exercise04.csproj", "{D79512B4-88B6-430B-9EA6-AB3F6090E535}"
EndProject
Project("{9A19103F-16F7-4668-BE54-9A1E7A4F7556}") = "Lab03_Exercise05", "0289\Lab03_Exercise05\Lab03_Exercise05.csproj", "{1828BF79-7DAC-4230-9D59-0B530D350AA0}"
EndProject
Project("{9A19103F-16F7-4668-BE54-9A1E7A4F7556}") = "Lab03_Exercise06", "0289\Lab03_Exercise06\Lab03_Exercise06.csproj", "{C437E052-C4D5-43A2-BF59-EB1358029666}"
EndProject
Project("{9A19103F-16F7-4668-BE54-9A1E7A4F7556}") = "Lab03_Exercise07", "0289\Lab03_Exercise07\Lab03_Exercise07.csproj", "{140CAC1C-F263-4BB4-80BA-ABBE18797635}"
EndProject
Project("{9A19103F-16F7-4668-BE54-9A1E7A4F7556}") = "Lab03_Exercise08", "0289\Lab03_Exercise08\Lab03_Exercise08.csproj", "{6B844B8C-2013-4625-B600-FF6C5736180A}"
EndProject
Project("{9A19103F-16F7-4668-BE54-9A1E7A4F7556}") = "Lab03_Exercise09", "0289\Lab03_Exercise09\Lab03_Exercise09.csproj", "{C1A4022D-7488-43D5-AD7D-53348FC87945}"
EndProject
Global
	GlobalSection(SolutionConfigurationPlatforms) = preSolution
		Debug|Any CPU = Debug|Any CPU
		Release|Any CPU = Release|Any CPU
	EndGlobalSection
	GlobalSection(ProjectConfigurationPlatforms) = postSolution
		{19413805-8CFC-47E8-B6AD-E54909684F9F}.Debug|Any CPU.ActiveCfg = Debug|Any CPU
		{19413805-8CFC-47E8-B6AD-E54909684F9F}.Debug|Any CPU.Build.0 = Debug|Any CPU
		{19413805-8CFC-47E8-B6AD-E54909684F9F}.Release|Any CPU.ActiveCfg = Release|Any CPU
		{19413805-8CFC-47E8-B6AD-E54909684F9F}.Release|Any CPU.Build.0 = Release|Any CPU
		{FABCF8EE-800E-4288-86CC-42AC8C2DB637}.Debug|Any CPU.ActiveCfg = Debug|Any CPU
		{FABCF8EE-800E-4288-86CC-42AC8C2DB637}.Debug|Any CPU.Build.0 = Debug|Any CPU
		{FABCF8EE-800E-4288-86CC-42AC8C2DB637}.Release|Any CPU.ActiveCfg = Release|Any CPU
		{FABCF8EE-800E-4288-86CC-42AC8C2DB637}.Release|Any CPU.Build.0 = Release|Any CPU
		{A34A3F57-68E6-40DB-85E6-0B72032D7A37}.Debug|Any CPU.ActiveCfg = Debug|Any CPU
		{A34A3F57-68E6-40DB-85E6-0B72032D7A37}.Debug|Any CPU.Build.0 = Debug|Any CPU
		{A34A3F57-68E6-40DB-85E6-0B72032D7A37}.Release|Any CPU.ActiveCfg = Release|Any CPU
		{A34A3F57-68E6-40DB-85E6-0B72032D7A37}.Release|Any CPU.Build.0 = Release|Any CPU
		{DAA4E8BE-5C68-412E-80FE-1A8D1472C067}.Debug|Any CPU.ActiveCfg = Debug|Any CPU
		{DAA4E8BE-5C68-412E-80FE-1A8D1472C067}.Debug|Any CPU.Build.0 = Debug|Any CPU
		{DAA4E8BE-5C68-412E-80FE-1A8D1472C067}.Release|Any CPU.ActiveCfg = Release|Any CPU
		{DAA4E8BE-5C68-412E-80FE-1A8D1472C067}.Release|Any CPU.Build.0 = Release|Any CPU
		{D79512B4-88B6-430B-9EA6-AB3F6090E535}.Debug|Any CPU.ActiveCfg = Debug|Any CPU
		{D79512B4-88B6-430B-9EA6-AB3F6090E535}.Debug|Any CPU.Build.0 = Debug|Any CPU
		{D79512B4-88B6-430B-9EA6-AB3F6090E535}.Release|Any CPU.ActiveCfg = Release|Any CPU
		{D79512B4-88B6-430B-9EA6-AB3F6090E535}.Release|Any CPU.Build.0 = Release|Any CPU
		{1828BF79-7DAC-4230-9D59-0B530D350AA0}.Debug|Any CPU.ActiveCfg = Debug|Any CPU
		{1828BF79-7DAC-4230-9D59-0B530D350AA0}.Debug|Any CPU.Build.0 = Debug|Any CPU
		{1828BF79-7DAC-4230-9D59-0B530D350AA0}.Release|Any CPU.ActiveCfg = Release|Any CPU
		{1828BF79-7DAC-4230-9D59-0B530D350AA0}.Release|Any CPU.Build.0 = Release|Any CPU
		{C437E052-C4D5-43A2-BF59-EB1358029666}.Debug|Any CPU.ActiveCfg = Debug|Any CPU
		{C437E052-C4D5-43A2-BF59-EB1358029666}.Debug|Any CPU.Build.0 = Debug|Any CPU
		{C437E052-C4D5-43A2-BF59-EB1358029666}.Release|Any CPU.ActiveCfg = Release|Any CPU
		{C437E052-C4D5-43A2-BF59-EB1358029666}.Release|Any CPU.Build.0 = Release|Any CPU
		{140CAC1C-F263-4BB4-80BA-ABBE18797635}.Debug|Any CPU.ActiveCfg = Debug|Any CPU
		{140CAC1C-F263-4BB4-80BA-ABBE18797635}.Debug|Any CPU.Build.0 = Debug|Any CPU
		{140CAC1C-F263-4BB4-80BA-ABBE18797635}.Release|Any CPU.ActiveCfg = Release|Any CPU
		{140CAC1C-F263-4BB4-80BA-ABBE18797635}.Release|Any CPU.Build.0 = Release|Any CPU
		{6B844B8C-2013-4625-B600-FF6C5736180A}.Debug|Any CPU.ActiveCfg = Debug|Any CPU
		{6B844B8C-2013-4625-B600-FF6C5736180A}.Debug|Any CPU.Build.0 = Debug|Any CPU
		{6B844B8C-2013-4625-B600-FF6C5736180A}.Release|Any CPU.ActiveCfg = Release|Any CPU
		{6B844B8C-2013-4625-B600-FF6C5736180A}.Release|Any CPU.Build.0 = Release|Any CPU
		{C1A4022D-7488-43D5-AD7D-53348FC87945}.Debug|Any CPU.ActiveCfg = Debug|Any CPU
		{C1A4022D-7488-43D5-AD7D-53348FC87945}.Debug|Any CPU.Build.0 = Debug|Any CPU
		{C1A4022D-7488-43D5-AD7D-53348FC87945}.Release|Any CPU.ActiveCfg = Release|Any CPU
		{C1A4022D-7488-43D5-AD7D-53348FC87945}.Release|Any CPU.Build.0 = Release|Any CPU
	EndGlobalSection
	GlobalSection(SolutionProperties) = preSolution
		HideSolutionNode = FALSE
	EndGlobalSection
	GlobalSection(NestedProjects) = preSolution
		{19413805-8CFC-47E8-B6AD-E54909684F9F} = {A9CFD234-2F65-4F70-88A4-4BB4D273A81E}
		{FABCF8EE-800E-4288-86CC-42AC8C2DB637} = {A9CFD234-2F65-4F70-88A4-4BB4D273A81E}
		{A34A3F57-68E6-40DB-85E6-0B72032D7A37} = {A9CFD234-2F65-4F70-88A4-4BB4D273A81E}
		{DAA4E8BE-5C68-412E-80FE-1A8D1472C067} = {A9CFD234-2F65-4F70-88A4-4BB4D273A81E}
		{D79512B4-88B6-430B-9EA6-AB3F6090E535} = {A9CFD234-2F65-4F70-88A4-4BB4D273A81E}
		{1828BF79-7DAC-4230-9D59-0B530D350AA0} = {A9CFD234-2F65-4F70-88A4-4BB4D273A81E}
		{C437E052-C4D5-43A2-BF59-EB1358029666} = {A9CFD234-2F65-4F70-88A4-4BB4D273A81E}
		{140CAC1C-F263-4BB4-80BA-ABBE18797635} = {A9CFD234-2F65-4F70-88A4-4BB4D273A81E}
		{6B844B8C-2013-4625-B600-FF6C5736180A} = {A9CFD234-2F65-4F70-88A4-4BB4D273A81E}
		{C1A4022D-7488-43D5-AD7D-53348FC87945} = {A9CFD234-2F65-4F70-88A4-4BB4D273A81E}
	EndGlobalSection
	GlobalSection(ExtensibilityGlobals) = postSolution
		SolutionGuid = {4A2D30B7-3B25-41D7-B9C1-0BC7A676038F}
	EndGlobalSection
EndGlobal
